
Microsoft Visual Studio Solution File, Format Version 12.00
# Visual Studio 15
VisualStudioVersion = 15.0.27130.2036
MinimumVisualStudioVersion = 10.0.40219.1
Project("{FAE04EC0-301F-11D3-BF4B-00C04F79EFBC}") = "Release2", "Release2\Release2.csproj", "{6B8546AD-03B0-42B4-9289-4FE9B9525978}"
EndProject
Project("{FAE04EC0-301F-11D3-BF4B-00C04F79EFBC}") = "Release0.1", "..\..\..\Desktop\Release0.1\Release0.1\Release0.1.csproj", "{2E89908D-6DA4-4DDF-AA1E-CF71914E9FB9}"
EndProject
Global
	GlobalSection(SolutionConfigurationPlatforms) = preSolution
		Debug|Any CPU = Debug|Any CPU
		Release|Any CPU = Release|Any CPU
	EndGlobalSection
	GlobalSection(ProjectConfigurationPlatforms) = postSolution
		{6B8546AD-03B0-42B4-9289-4FE9B9525978}.Debug|Any CPU.ActiveCfg = Debug|Any CPU
		{6B8546AD-03B0-42B4-9289-4FE9B9525978}.Debug|Any CPU.Build.0 = Debug|Any CPU
		{6B8546AD-03B0-42B4-9289-4FE9B9525978}.Release|Any CPU.ActiveCfg = Release|Any CPU
		{6B8546AD-03B0-42B4-9289-4FE9B9525978}.Release|Any CPU.Build.0 = Release|Any CPU
		{2E89908D-6DA4-4DDF-AA1E-CF71914E9FB9}.Debug|Any CPU.ActiveCfg = Debug|Any CPU
		{2E89908D-6DA4-4DDF-AA1E-CF71914E9FB9}.Debug|Any CPU.Build.0 = Debug|Any CPU
		{2E89908D-6DA4-4DDF-AA1E-CF71914E9FB9}.Release|Any CPU.ActiveCfg = Release|Any CPU
		{2E89908D-6DA4-4DDF-AA1E-CF71914E9FB9}.Release|Any CPU.Build.0 = Release|Any CPU
	EndGlobalSection
	GlobalSection(SolutionProperties) = preSolution
		HideSolutionNode = FALSE
	EndGlobalSection
	GlobalSection(ExtensibilityGlobals) = postSolution
		SolutionGuid = {4017E043-2D8A-41FC-828D-B14C68C838AE}
	EndGlobalSection
EndGlobal
